{"1.1.0",
[{<<"certifi">>,{pkg,<<"certifi">>,<<"2.0.0">>},1},
 {<<"cowboy">>,
  {git,"https://github.com/extend/cowboy.git",
       {ref,"0c15b9216b7467390623db84e169b32c68e85bcb"}},
  0},
 {<<"cowlib">>,
  {git,"https://github.com/ninenines/cowlib",
       {ref,"45f750db410a4b08c68d142ad0af839f544c5d3d"}},
  1},
 {<<"hackney">>,
  {git,"git://github.com/benoitc/hackney.git",
       {ref,"8e9adc1589e0a6a69a190d5ad87852abe23d9489"}},
  0},
 {<<"idna">>,{pkg,<<"idna">>,<<"5.1.0">>},1},
 {<<"jiffy">>,
  {git,"https://github.com/davisp/jiffy.git",
       {ref,"06aaf440e091c9fd5f8aea557ac760a33bd37130"}},
  0},
 {<<"jsx">>,
  {git,"https://github.com/talentdeficit/jsx.git",
       {ref,"3074d4865b3385a050badf7828ad31490d860df5"}},
  0},
 {<<"metrics">>,{pkg,<<"metrics">>,<<"1.0.1">>},1},
 {<<"mimerl">>,{pkg,<<"mimerl">>,<<"1.0.2">>},1},
 {<<"parse_trans">>,
  {git,"https://github.com/uwiger/parse_trans.git",
       {ref,"6f3645afb43c7c57d61b54ef59aecab288ce1013"}},
  0},
 {<<"ranch">>,
  {git,"https://github.com/ninenines/ranch",
       {ref,"a004ad710eddd0c21aaccc30d5633a76b06164b5"}},
  1},
 {<<"ssl_verify_fun">>,{pkg,<<"ssl_verify_fun">>,<<"1.1.1">>},1},
 {<<"syn">>,
  {git,"git://github.com/ostinelli/syn.git",
       {ref,"43701a66391261db35d9f6f3e52eca2523476002"}},
  0},
 {<<"unicode_util_compat">>,{pkg,<<"unicode_util_compat">>,<<"0.3.1">>},2},
 {<<"worker_pool">>,{pkg,<<"worker_pool">>,<<"3.0.0">>},0}]}.
[
{pkg_hash,[
 {<<"certifi">>, <<"A0C0E475107135F76B8C1D5BC7EFB33CD3815CB3CF3DEA7AEFDD174DABEAD064">>},
 {<<"idna">>, <<"D72B4EFFEB324AD5DA3CAB1767CB16B17939004E789D8C0AD5B70F3CEA20C89A">>},
 {<<"metrics">>, <<"25F094DEA2CDA98213CECC3AEFF09E940299D950904393B2A29D191C346A8486">>},
 {<<"mimerl">>, <<"993F9B0E084083405ED8252B99460C4F0563E41729AB42D9074FD5E52439BE88">>},
 {<<"ssl_verify_fun">>, <<"28A4D65B7F59893BC2C7DE786DEC1E1555BD742D336043FE644AE956C3497FBE">>},
 {<<"unicode_util_compat">>, <<"A1F612A7B512638634A603C8F401892AFBF99B8CE93A45041F8AACA99CADB85E">>},
 {<<"worker_pool">>, <<"7463D0A1043FFC8DD148C5D026D8BEA0B8733DE38CE5E9BFCA1DBFD6EF547C01">>}]}
].
